
Microsoft Visual Studio Solution File, Format Version 12.00
# Visual Studio Version 17
VisualStudioVersion = 17.7.34018.315
MinimumVisualStudioVersion = 10.0.40219.1
Project("{8BC9CEB8-8B4A-11D0-8D11-00A0C91BC942}") = "BlockAdventure", "BlockAdventure\BlockAdventure.vcxproj", "{EF795815-97B5-49D0-B050-CCB327E43B78}"
EndProject
Global
	GlobalSection(SolutionConfigurationPlatforms) = preSolution
		Debug|x64 = Debug|x64
		Debug|x86 = Debug|x86
		Release|x64 = Release|x64
		Release|x86 = Release|x86
	EndGlobalSection
	GlobalSection(ProjectConfigurationPlatforms) = postSolution
		{EF795815-97B5-49D0-B050-CCB327E43B78}.Debug|x64.ActiveCfg = Debug|x64
		{EF795815-97B5-49D0-B050-CCB327E43B78}.Debug|x64.Build.0 = Debug|x64
		{EF795815-97B5-49D0-B050-CCB327E43B78}.Debug|x86.ActiveCfg = Debug|Win32
		{EF795815-97B5-49D0-B050-CCB327E43B78}.Debug|x86.Build.0 = Debug|Win32
		{EF795815-97B5-49D0-B050-CCB327E43B78}.Release|x64.ActiveCfg = Release|x64
		{EF795815-97B5-49D0-B050-CCB327E43B78}.Release|x64.Build.0 = Release|x64
		{EF795815-97B5-49D0-B050-CCB327E43B78}.Release|x86.ActiveCfg = Release|Win32
		{EF795815-97B5-49D0-B050-CCB327E43B78}.Release|x86.Build.0 = Release|Win32
	EndGlobalSection
	GlobalSection(SolutionProperties) = preSolution
		HideSolutionNode = FALSE
	EndGlobalSection
	GlobalSection(ExtensibilityGlobals) = postSolution
		SolutionGuid = {280D5725-AAA6-425C-8C37-5BF7B2A8A6F8}
	EndGlobalSection
EndGlobal
